
Microsoft Visual Studio Solution File, Format Version 12.00
# Visual Studio 15
VisualStudioVersion = 15.0.28010.2016
MinimumVisualStudioVersion = 10.0.40219.1
Project("{FAE04EC0-301F-11D3-BF4B-00C04F79EFBC}") = "NotebookApp", "NotebookApp\NotebookApp.csproj", "{5015F11E-9750-4575-B025-FC1564C737C3}"
EndProject
Project("{FAE04EC0-301F-11D3-BF4B-00C04F79EFBC}") = "NotebookAppTest", "NotebookAppTest\NotebookAppTest.csproj", "{5E30C128-ACF7-4FD6-9F4E-21CA10343D6A}"
EndProject
Global
	GlobalSection(SolutionConfigurationPlatforms) = preSolution
		Debug|Any CPU = Debug|Any CPU
		Release|Any CPU = Release|Any CPU
	EndGlobalSection
	GlobalSection(ProjectConfigurationPlatforms) = postSolution
		{5015F11E-9750-4575-B025-FC1564C737C3}.Debug|Any CPU.ActiveCfg = Debug|Any CPU
		{5015F11E-9750-4575-B025-FC1564C737C3}.Debug|Any CPU.Build.0 = Debug|Any CPU
		{5015F11E-9750-4575-B025-FC1564C737C3}.Release|Any CPU.ActiveCfg = Release|Any CPU
		{5015F11E-9750-4575-B025-FC1564C737C3}.Release|Any CPU.Build.0 = Release|Any CPU
		{5E30C128-ACF7-4FD6-9F4E-21CA10343D6A}.Debug|Any CPU.ActiveCfg = Debug|Any CPU
		{5E30C128-ACF7-4FD6-9F4E-21CA10343D6A}.Debug|Any CPU.Build.0 = Debug|Any CPU
		{5E30C128-ACF7-4FD6-9F4E-21CA10343D6A}.Release|Any CPU.ActiveCfg = Release|Any CPU
		{5E30C128-ACF7-4FD6-9F4E-21CA10343D6A}.Release|Any CPU.Build.0 = Release|Any CPU
	EndGlobalSection
	GlobalSection(SolutionProperties) = preSolution
		HideSolutionNode = FALSE
	EndGlobalSection
	GlobalSection(ExtensibilityGlobals) = postSolution
		SolutionGuid = {DECC1599-215C-4018-8353-2FC2BD34AD83}
	EndGlobalSection
EndGlobal
